
Microsoft Visual Studio Solution File, Format Version 12.00
# Visual Studio Version 17
VisualStudioVersion = 17.4.33205.214
MinimumVisualStudioVersion = 10.0.40219.1
Project("{FAE04EC0-301F-11D3-BF4B-00C04F79EFBC}") = "IndirektBend", "IndirektBend.csproj", "{86D948FC-3D13-47E0-BA2B-D35537367828}"
EndProject
Global
	GlobalSection(SolutionConfigurationPlatforms) = preSolution
		Debug|Any CPU = Debug|Any CPU
		Release|Any CPU = Release|Any CPU
	EndGlobalSection
	GlobalSection(ProjectConfigurationPlatforms) = postSolution
		{86D948FC-3D13-47E0-BA2B-D35537367828}.Debug|Any CPU.ActiveCfg = Debug|Any CPU
		{86D948FC-3D13-47E0-BA2B-D35537367828}.Debug|Any CPU.Build.0 = Debug|Any CPU
		{86D948FC-3D13-47E0-BA2B-D35537367828}.Release|Any CPU.ActiveCfg = Release|Any CPU
		{86D948FC-3D13-47E0-BA2B-D35537367828}.Release|Any CPU.Build.0 = Release|Any CPU
	EndGlobalSection
	GlobalSection(SolutionProperties) = preSolution
		HideSolutionNode = FALSE
	EndGlobalSection
	GlobalSection(ExtensibilityGlobals) = postSolution
		SolutionGuid = {EFC6911A-5D3D-4460-A7B5-B610ECE16030}
	EndGlobalSection
EndGlobal
